
Microsoft Visual Studio Solution File, Format Version 12.00
# Visual Studio 15
VisualStudioVersion = 15.0.28307.757
MinimumVisualStudioVersion = 10.0.40219.1
Project("{FAE04EC0-301F-11D3-BF4B-00C04F79EFBC}") = "FaceBookMvc", "FaceBookMvc\FaceBookMvc.csproj", "{35351922-0051-4CAE-8746-381661E962DA}"
EndProject
Project("{FAE04EC0-301F-11D3-BF4B-00C04F79EFBC}") = "DataAccesLayer", "DataAccesLayer\DataAccesLayer.csproj", "{1E5927E2-8CAE-47B5-9F1A-1DFEB5552598}"
EndProject
Global
	GlobalSection(SolutionConfigurationPlatforms) = preSolution
		Debug|Any CPU = Debug|Any CPU
		Release|Any CPU = Release|Any CPU
	EndGlobalSection
	GlobalSection(ProjectConfigurationPlatforms) = postSolution
		{35351922-0051-4CAE-8746-381661E962DA}.Debug|Any CPU.ActiveCfg = Debug|Any CPU
		{35351922-0051-4CAE-8746-381661E962DA}.Debug|Any CPU.Build.0 = Debug|Any CPU
		{35351922-0051-4CAE-8746-381661E962DA}.Release|Any CPU.ActiveCfg = Release|Any CPU
		{35351922-0051-4CAE-8746-381661E962DA}.Release|Any CPU.Build.0 = Release|Any CPU
		{1E5927E2-8CAE-47B5-9F1A-1DFEB5552598}.Debug|Any CPU.ActiveCfg = Debug|Any CPU
		{1E5927E2-8CAE-47B5-9F1A-1DFEB5552598}.Debug|Any CPU.Build.0 = Debug|Any CPU
		{1E5927E2-8CAE-47B5-9F1A-1DFEB5552598}.Release|Any CPU.ActiveCfg = Release|Any CPU
		{1E5927E2-8CAE-47B5-9F1A-1DFEB5552598}.Release|Any CPU.Build.0 = Release|Any CPU
	EndGlobalSection
	GlobalSection(SolutionProperties) = preSolution
		HideSolutionNode = FALSE
	EndGlobalSection
	GlobalSection(ExtensibilityGlobals) = postSolution
		SolutionGuid = {677DFA75-6B5F-4CC4-B701-1B9097884DC4}
	EndGlobalSection
EndGlobal
